
Microsoft Visual Studio Solution File, Format Version 12.00
# Visual Studio Version 16
VisualStudioVersion = 16.0.810.22
MinimumVisualStudioVersion = 10.0.40219.1
Project("{FAE04EC0-301F-11D3-BF4B-00C04F79EFBC}") = "errata-backend-2", "errata-backend-2.csproj", "{5E4B2A90-1204-4F9F-9D20-D9AA5804E438}"
EndProject
Global
	GlobalSection(SolutionConfigurationPlatforms) = preSolution
		Debug|Any CPU = Debug|Any CPU
		Release|Any CPU = Release|Any CPU
	EndGlobalSection
	GlobalSection(ProjectConfigurationPlatforms) = postSolution
		{5E4B2A90-1204-4F9F-9D20-D9AA5804E438}.Debug|Any CPU.ActiveCfg = Debug|Any CPU
		{5E4B2A90-1204-4F9F-9D20-D9AA5804E438}.Debug|Any CPU.Build.0 = Debug|Any CPU
		{5E4B2A90-1204-4F9F-9D20-D9AA5804E438}.Release|Any CPU.ActiveCfg = Release|Any CPU
		{5E4B2A90-1204-4F9F-9D20-D9AA5804E438}.Release|Any CPU.Build.0 = Release|Any CPU
	EndGlobalSection
	GlobalSection(SolutionProperties) = preSolution
		HideSolutionNode = FALSE
	EndGlobalSection
	GlobalSection(ExtensibilityGlobals) = postSolution
		SolutionGuid = {FE58FFDB-83D7-45F3-8CE6-614408032E18}
	EndGlobalSection
EndGlobal
